# THIS IS AN AUTOGENERATED FILE. DO NOT EDIT THIS FILE DIRECTLY.
# yarn lockfile v1


any-base@^1.1.0:
  version "1.1.0"
  resolved "https://registry.yarnpkg.com/any-base/-/any-base-1.1.0.tgz#ae101a62bc08a597b4c9ab5b7089d456630549fe"
  integrity sha512-uMgjozySS8adZZYePpaWs8cxB9/kdzmpX6SgJZ+wbz1K5eYk5QMYDVJaZKhxyIHUdnnJkfR7SVgStgH7LkGUyg==

short-uuid@^3.1.0:
  version "3.1.0"
  resolved "https://registry.yarnpkg.com/short-uuid/-/short-uuid-3.1.0.tgz#ee01b6eda16e436c60b7b9c1c395621811f37d3e"
  integrity sha512-rE1ha17HP7otN1vywYfo7zeHD0jrvSh2KbrCWK3aVVNREAdPaEGFHPtC6hg4NkFpqK815n7ffsWgroqhWWq/Jw==
  dependencies:
    any-base "^1.1.0"
    uuid "^3.2.1"

uuid@^3.2.1:
  version "3.3.2"
  resolved "https://registry.yarnpkg.com/uuid/-/uuid-3.3.2.tgz#1b4af4955eb3077c501c23872fc6513811587131"
  integrity sha512-yXJmeNaw3DnnKAOKJE51sL/ZaYfWJRl1pK9dr19YFCu0ObS231AB1/LbqTKRAQ5kw8A90rA6fr4riOUpTZvQZA==
